{
    "_meta": {
        "hash": {
            "sha256": "093346fa322aac38b734357d110e2098e34a6328bcf19429d3f0ea133253152b"
        },
        "pipfile-spec": 6,
        "requires": {
            "python_version": "2.7"
        },
        "sources": [
            {
                "name": "pypi",
                "url": "https://pypi.org/simple",
                "verify_ssl": true
            }
        ]
    },
    "default": {
        "flask": {
            "hashes": [
                "sha256:4c83829ff83d408b5e1d4995472265411d2c414112298f2eb4b359d9e4563373"
            ],
            "index": "pypi",
            "version": "==0.10.1"
        },
        "gunicorn": {
            "hashes": [
                "sha256:8bc835082882ad9a012cd790c460011e4d96bf3512d98a04d3dabbe45393a089",
                "sha256:a5179cde922d2b4e045ee5b11e87323ee77d363ae40294fc8252f25d6a0eaf06"
            ],
            "index": "pypi",
            "version": "==19.3.0"
        },
        "itsdangerous": {
            "hashes": [
                "sha256:cbb3fcf8d3e33df861709ecaf89d9e6629cff0a217bc2848f1b41cd30d360519"
            ],
            "index": "pypi",
            "version": "==0.24"
        },
        "jinja2": {
            "hashes": [
                "sha256:310a35fbccac3af13ebf927297f871ac656b9da1d248b1fe6765affa71b53235"
            ],
            "index": "pypi",
            "version": "==2.7.2"
        },
        "markupsafe": {
            "hashes": [
                "sha256:a6be69091dac236ea9c6bc7d012beab42010fa914c459791d627dad4910eb665"
            ],
            "index": "pypi",
            "version": "==1.0"
        },
        "werkzeug": {
            "hashes": [
                "sha256:9d2771e4c89be127bc4bac056ab7ceaf0e0064c723d6b6e195739c3af4fd5c1d",
                "sha256:a438aa8c3f513a5cf3dda02a62f9e022b7598e9fbfeba14ba2d6dd957c8ab436"
            ],
            "index": "pypi",
            "version": "==0.10.4"
        }
    },
    "develop": {}
}
